
Microsoft Visual Studio Solution File, Format Version 12.00
# Visual Studio 2015
Project("{FAE04EC0-301F-11D3-BF4B-00C04F79EFBC}") = "ManuelsTavern.CSharp.Plugins", "ManuelsTavern.CSharp.Plugins.csproj", "{53CF653C-3A45-1E5C-923E-BE7DDA842116}"
EndProject
Project("{FAE04EC0-301F-11D3-BF4B-00C04F79EFBC}") = "ManuelsTavern.CSharp", "ManuelsTavern.CSharp.csproj", "{D7698E6D-A511-15A4-7D72-9FFE4FFD75B7}"
EndProject
Project("{FAE04EC0-301F-11D3-BF4B-00C04F79EFBC}") = "ManuelsTavern.CSharp.Editor.Plugins", "ManuelsTavern.CSharp.Editor.Plugins.csproj", "{1551E8DE-E198-52E8-A4E5-12E7B542335F}"
EndProject
Global
	GlobalSection(SolutionConfigurationPlatforms) = preSolution
		Debug|Any CPU = Debug|Any CPU
		Release|Any CPU = Release|Any CPU
	EndGlobalSection
	GlobalSection(ProjectConfigurationPlatforms) = postSolution
		{53CF653C-3A45-1E5C-923E-BE7DDA842116}.Debug|Any CPU.ActiveCfg = Debug|Any CPU
		{53CF653C-3A45-1E5C-923E-BE7DDA842116}.Debug|Any CPU.Build.0 = Debug|Any CPU
		{53CF653C-3A45-1E5C-923E-BE7DDA842116}.Release|Any CPU.ActiveCfg = Release|Any CPU
		{53CF653C-3A45-1E5C-923E-BE7DDA842116}.Release|Any CPU.Build.0 = Release|Any CPU
		{D7698E6D-A511-15A4-7D72-9FFE4FFD75B7}.Debug|Any CPU.ActiveCfg = Debug|Any CPU
		{D7698E6D-A511-15A4-7D72-9FFE4FFD75B7}.Debug|Any CPU.Build.0 = Debug|Any CPU
		{D7698E6D-A511-15A4-7D72-9FFE4FFD75B7}.Release|Any CPU.ActiveCfg = Release|Any CPU
		{D7698E6D-A511-15A4-7D72-9FFE4FFD75B7}.Release|Any CPU.Build.0 = Release|Any CPU
		{1551E8DE-E198-52E8-A4E5-12E7B542335F}.Debug|Any CPU.ActiveCfg = Debug|Any CPU
		{1551E8DE-E198-52E8-A4E5-12E7B542335F}.Debug|Any CPU.Build.0 = Debug|Any CPU
		{1551E8DE-E198-52E8-A4E5-12E7B542335F}.Release|Any CPU.ActiveCfg = Release|Any CPU
		{1551E8DE-E198-52E8-A4E5-12E7B542335F}.Release|Any CPU.Build.0 = Release|Any CPU
	EndGlobalSection
	GlobalSection(SolutionProperties) = preSolution
		HideSolutionNode = FALSE
	EndGlobalSection
EndGlobal
