
Microsoft Visual Studio Solution File, Format Version 12.00
# Visual Studio 2015
Project("{FAE04EC0-301F-11D3-BF4B-00C04F79EFBC}") = "ManuelsTavern.Plugins", "ManuelsTavern.Plugins.csproj", "{A14A6E34-8602-D535-B6CF-DC081E36E1A2}"
EndProject
Project("{FAE04EC0-301F-11D3-BF4B-00C04F79EFBC}") = "ManuelsTavern", "ManuelsTavern.csproj", "{5B73C14E-1D21-8D46-ED4F-EB102FF95D26}"
EndProject
Project("{FAE04EC0-301F-11D3-BF4B-00C04F79EFBC}") = "ManuelsTavern.Editor.Plugins", "ManuelsTavern.Editor.Plugins.csproj", "{7FAAD959-A67F-1EBA-0780-753EF549C95C}"
EndProject
Project("{FAE04EC0-301F-11D3-BF4B-00C04F79EFBC}") = "ManuelsTavern.Editor", "ManuelsTavern.Editor.csproj", "{B5D259C2-E3A3-188E-E4D7-952FAF18AAD6}"
EndProject
Global
	GlobalSection(SolutionConfigurationPlatforms) = preSolution
		Debug|Any CPU = Debug|Any CPU
		Release|Any CPU = Release|Any CPU
	EndGlobalSection
	GlobalSection(ProjectConfigurationPlatforms) = postSolution
		{A14A6E34-8602-D535-B6CF-DC081E36E1A2}.Debug|Any CPU.ActiveCfg = Debug|Any CPU
		{A14A6E34-8602-D535-B6CF-DC081E36E1A2}.Debug|Any CPU.Build.0 = Debug|Any CPU
		{A14A6E34-8602-D535-B6CF-DC081E36E1A2}.Release|Any CPU.ActiveCfg = Release|Any CPU
		{A14A6E34-8602-D535-B6CF-DC081E36E1A2}.Release|Any CPU.Build.0 = Release|Any CPU
		{5B73C14E-1D21-8D46-ED4F-EB102FF95D26}.Debug|Any CPU.ActiveCfg = Debug|Any CPU
		{5B73C14E-1D21-8D46-ED4F-EB102FF95D26}.Debug|Any CPU.Build.0 = Debug|Any CPU
		{5B73C14E-1D21-8D46-ED4F-EB102FF95D26}.Release|Any CPU.ActiveCfg = Release|Any CPU
		{5B73C14E-1D21-8D46-ED4F-EB102FF95D26}.Release|Any CPU.Build.0 = Release|Any CPU
		{7FAAD959-A67F-1EBA-0780-753EF549C95C}.Debug|Any CPU.ActiveCfg = Debug|Any CPU
		{7FAAD959-A67F-1EBA-0780-753EF549C95C}.Debug|Any CPU.Build.0 = Debug|Any CPU
		{7FAAD959-A67F-1EBA-0780-753EF549C95C}.Release|Any CPU.ActiveCfg = Release|Any CPU
		{7FAAD959-A67F-1EBA-0780-753EF549C95C}.Release|Any CPU.Build.0 = Release|Any CPU
		{B5D259C2-E3A3-188E-E4D7-952FAF18AAD6}.Debug|Any CPU.ActiveCfg = Debug|Any CPU
		{B5D259C2-E3A3-188E-E4D7-952FAF18AAD6}.Debug|Any CPU.Build.0 = Debug|Any CPU
		{B5D259C2-E3A3-188E-E4D7-952FAF18AAD6}.Release|Any CPU.ActiveCfg = Release|Any CPU
		{B5D259C2-E3A3-188E-E4D7-952FAF18AAD6}.Release|Any CPU.Build.0 = Release|Any CPU
	EndGlobalSection
	GlobalSection(SolutionProperties) = preSolution
		HideSolutionNode = FALSE
	EndGlobalSection
EndGlobal
